{
  "name": "src",
  "version": "1.0.0",
  "lockfileVersion": 1,
  "requires": true,
  "dependencies": {
    "app.ts": {
      "version": "0.1.0",
      "resolved": "https://registry.npmjs.org/app.ts/-/app.ts-0.1.0.tgz",
      "integrity": "sha512-ZNSc5mInoCScHGBVvHPW1SPVExVoRHLOC3Bo54wZDUvZadjJb7J+bqfPafSRQ69A8tI7EamBrNtCEkRvDT570g=="
    }
  }
}
